
Microsoft Visual Studio Solution File, Format Version 12.00
# Visual Studio Version 17
VisualStudioVersion = 17.9.34728.123
MinimumVisualStudioVersion = 10.0.40219.1
Project("{FAE04EC0-301F-11D3-BF4B-00C04F79EFBC}") = "AdoConsoleDemos", "AdoConsoleDemos.csproj", "{9984B8DA-38ED-4986-93BA-4E9F68666755}"
EndProject
Global
	GlobalSection(SolutionConfigurationPlatforms) = preSolution
		Debug|Any CPU = Debug|Any CPU
		Release|Any CPU = Release|Any CPU
	EndGlobalSection
	GlobalSection(ProjectConfigurationPlatforms) = postSolution
		{9984B8DA-38ED-4986-93BA-4E9F68666755}.Debug|Any CPU.ActiveCfg = Debug|Any CPU
		{9984B8DA-38ED-4986-93BA-4E9F68666755}.Debug|Any CPU.Build.0 = Debug|Any CPU
		{9984B8DA-38ED-4986-93BA-4E9F68666755}.Release|Any CPU.ActiveCfg = Release|Any CPU
		{9984B8DA-38ED-4986-93BA-4E9F68666755}.Release|Any CPU.Build.0 = Release|Any CPU
	EndGlobalSection
	GlobalSection(SolutionProperties) = preSolution
		HideSolutionNode = FALSE
	EndGlobalSection
	GlobalSection(ExtensibilityGlobals) = postSolution
		SolutionGuid = {420E1A3C-359D-46AF-BE84-81370ED3B2CD}
	EndGlobalSection
EndGlobal
